// !$*UTF8*$!
{
	archiveVersion = 1;
	classes = {
	};
	objectVersion = 50;
	objects = {

/* Begin PBXBuildFile section */
		0094417A4733EF18DFFA3BF2 /* Pods_InstagramTests.framework in Frameworks */ = {isa = PBXBuildFile; fileRef = 12DBAB184D736C8E7DBDAD6D /* Pods_InstagramTests.framework */; };
		3603B6E621CC3A9C008BCB8C /* Main.storyboard in Resources */ = {isa = PBXBuildFile; fileRef = 3603B6E321CC3A9C008BCB8C /* Main.storyboard */; };
		3603B6E721CC3A9C008BCB8C /* Start.storyboard in Resources */ = {isa = PBXBuildFile; fileRef = 3603B6E421CC3A9C008BCB8C /* Start.storyboard */; };
		3603B6E821CC3A9C008BCB8C /* LaunchScreen.storyboard in Resources */ = {isa = PBXBuildFile; fileRef = 3603B6E521CC3A9C008BCB8C /* LaunchScreen.storyboard */; };
		3607E4F921DBBDA30009A196 /* AuthService.swift in Sources */ = {isa = PBXBuildFile; fileRef = 3607E4F821DBBDA30009A196 /* AuthService.swift */; };
		3607E4FB21DBCB110009A196 /* Config.swift in Sources */ = {isa = PBXBuildFile; fileRef = 3607E4FA21DBCB110009A196 /* Config.swift */; };
		360BE81121CF90D000EB5C4C /* GoogleService-Info.plist in Resources */ = {isa = PBXBuildFile; fileRef = 360BE81021CF90D000EB5C4C /* GoogleService-Info.plist */; };
		36D0DA4421CC3C700065CC58 /* Home.storyboard in Resources */ = {isa = PBXBuildFile; fileRef = 36D0DA4321CC3C700065CC58 /* Home.storyboard */; };
		36D0DA4621CC3CAC0065CC58 /* Discover.storyboard in Resources */ = {isa = PBXBuildFile; fileRef = 36D0DA4521CC3CAC0065CC58 /* Discover.storyboard */; };
		36D0DA4821CC3CCD0065CC58 /* Camera.storyboard in Resources */ = {isa = PBXBuildFile; fileRef = 36D0DA4721CC3CCD0065CC58 /* Camera.storyboard */; };
		36D0DA4A21CC3CEB0065CC58 /* Activity.storyboard in Resources */ = {isa = PBXBuildFile; fileRef = 36D0DA4921CC3CEB0065CC58 /* Activity.storyboard */; };
		36D0DA4C21CC3D080065CC58 /* Profile.storyboard in Resources */ = {isa = PBXBuildFile; fileRef = 36D0DA4B21CC3D080065CC58 /* Profile.storyboard */; };
		6BE373B830A020DD3B0788E6 /* Pods_InstagramUITests.framework in Frameworks */ = {isa = PBXBuildFile; fileRef = CC14C5B282AE1D0CA52C492B /* Pods_InstagramUITests.framework */; };
		849DA6C721C989ED0061C5BD /* HomeViewController.swift in Sources */ = {isa = PBXBuildFile; fileRef = 849DA6C621C989ED0061C5BD /* HomeViewController.swift */; };
		849DA6C921C98A5B0061C5BD /* DiscoverViewController.swift in Sources */ = {isa = PBXBuildFile; fileRef = 849DA6C821C98A5B0061C5BD /* DiscoverViewController.swift */; };
		849DA6CB21C98A830061C5BD /* CameraViewController.swift in Sources */ = {isa = PBXBuildFile; fileRef = 849DA6CA21C98A830061C5BD /* CameraViewController.swift */; };
		849DA6CD21C98AC10061C5BD /* ActivityViewController.swift in Sources */ = {isa = PBXBuildFile; fileRef = 849DA6CC21C98AC10061C5BD /* ActivityViewController.swift */; };
		849DA6CF21C98AED0061C5BD /* ProfileViewController.swift in Sources */ = {isa = PBXBuildFile; fileRef = 849DA6CE21C98AED0061C5BD /* ProfileViewController.swift */; };
		84D130C921BBFA3200589B10 /* AppDelegate.swift in Sources */ = {isa = PBXBuildFile; fileRef = 84D130C821BBFA3200589B10 /* AppDelegate.swift */; };
		84D130D021BBFA3400589B10 /* Assets.xcassets in Resources */ = {isa = PBXBuildFile; fileRef = 84D130CF21BBFA3400589B10 /* Assets.xcassets */; };
		84D130DE21BBFA3400589B10 /* InstagramTests.swift in Sources */ = {isa = PBXBuildFile; fileRef = 84D130DD21BBFA3400589B10 /* InstagramTests.swift */; };
		84D130E921BBFA3500589B10 /* InstagramUITests.swift in Sources */ = {isa = PBXBuildFile; fileRef = 84D130E821BBFA3500589B10 /* InstagramUITests.swift */; };
		84D130F721BBFCB400589B10 /* SignInViewController.swift in Sources */ = {isa = PBXBuildFile; fileRef = 84D130F621BBFCB400589B10 /* SignInViewController.swift */; };
		84D130FB21BC0B8200589B10 /* SignUpViewController.swift in Sources */ = {isa = PBXBuildFile; fileRef = 84D130FA21BC0B8200589B10 /* SignUpViewController.swift */; };
		C471B7BE63DE144B9791E50D /* Pods_Instagram.framework in Frameworks */ = {isa = PBXBuildFile; fileRef = A2BE7FE0AFCF8665DFF5CC8F /* Pods_Instagram.framework */; };
/* End PBXBuildFile section */

/* Begin PBXContainerItemProxy section */
		84D130DA21BBFA3400589B10 /* PBXContainerItemProxy */ = {
			isa = PBXContainerItemProxy;
			containerPortal = 84D130BD21BBFA3200589B10 /* Project object */;
			proxyType = 1;
			remoteGlobalIDString = 84D130C421BBFA3200589B10;
			remoteInfo = Instagram;
		};
		84D130E521BBFA3500589B10 /* PBXContainerItemProxy */ = {
			isa = PBXContainerItemProxy;
			containerPortal = 84D130BD21BBFA3200589B10 /* Project object */;
			proxyType = 1;
			remoteGlobalIDString = 84D130C421BBFA3200589B10;
			remoteInfo = Instagram;
		};
/* End PBXContainerItemProxy section */

/* Begin PBXFileReference section */
		12DBAB184D736C8E7DBDAD6D /* Pods_InstagramTests.framework */ = {isa = PBXFileReference; explicitFileType = wrapper.framework; includeInIndex = 0; path = Pods_InstagramTests.framework; sourceTree = BUILT_PRODUCTS_DIR; };
		2A4DD7A69A3F2E029CD0FE6E /* Pods-Instagram.debug.xcconfig */ = {isa = PBXFileReference; includeInIndex = 1; lastKnownFileType = text.xcconfig; name = "Pods-Instagram.debug.xcconfig"; path = "Pods/Target Support Files/Pods-Instagram/Pods-Instagram.debug.xcconfig"; sourceTree = "<group>"; };
		3603B6E321CC3A9C008BCB8C /* Main.storyboard */ = {isa = PBXFileReference; fileEncoding = 4; lastKnownFileType = file.storyboard; path = Main.storyboard; sourceTree = "<group>"; };
		3603B6E421CC3A9C008BCB8C /* Start.storyboard */ = {isa = PBXFileReference; fileEncoding = 4; lastKnownFileType = file.storyboard; path = Start.storyboard; sourceTree = "<group>"; };
		3603B6E521CC3A9C008BCB8C /* LaunchScreen.storyboard */ = {isa = PBXFileReference; fileEncoding = 4; lastKnownFileType = file.storyboard; path = LaunchScreen.storyboard; sourceTree = "<group>"; };
		3607E4F821DBBDA30009A196 /* AuthService.swift */ = {isa = PBXFileReference; lastKnownFileType = sourcecode.swift; path = AuthService.swift; sourceTree = "<group>"; };
		3607E4FA21DBCB110009A196 /* Config.swift */ = {isa = PBXFileReference; lastKnownFileType = sourcecode.swift; path = Config.swift; sourceTree = "<group>"; };
		360BE81021CF90D000EB5C4C /* GoogleService-Info.plist */ = {isa = PBXFileReference; fileEncoding = 4; lastKnownFileType = text.plist.xml; path = "GoogleService-Info.plist"; sourceTree = "<group>"; };
		36D0DA4321CC3C700065CC58 /* Home.storyboard */ = {isa = PBXFileReference; fileEncoding = 4; lastKnownFileType = file.storyboard; path = Home.storyboard; sourceTree = "<group>"; };
		36D0DA4521CC3CAC0065CC58 /* Discover.storyboard */ = {isa = PBXFileReference; fileEncoding = 4; lastKnownFileType = file.storyboard; path = Discover.storyboard; sourceTree = "<group>"; };
		36D0DA4721CC3CCD0065CC58 /* Camera.storyboard */ = {isa = PBXFileReference; fileEncoding = 4; lastKnownFileType = file.storyboard; path = Camera.storyboard; sourceTree = "<group>"; };
		36D0DA4921CC3CEB0065CC58 /* Activity.storyboard */ = {isa = PBXFileReference; fileEncoding = 4; lastKnownFileType = file.storyboard; path = Activity.storyboard; sourceTree = "<group>"; };
		36D0DA4B21CC3D080065CC58 /* Profile.storyboard */ = {isa = PBXFileReference; fileEncoding = 4; lastKnownFileType = file.storyboard; path = Profile.storyboard; sourceTree = "<group>"; };
		4C370C5FAC54A246141DBA6D /* Pods-InstagramUITests.release.xcconfig */ = {isa = PBXFileReference; includeInIndex = 1; lastKnownFileType = text.xcconfig; name = "Pods-InstagramUITests.release.xcconfig"; path = "Pods/Target Support Files/Pods-InstagramUITests/Pods-InstagramUITests.release.xcconfig"; sourceTree = "<group>"; };
		6523DF7614DD4AB4FD3A40F5 /* Pods-InstagramTests.debug.xcconfig */ = {isa = PBXFileReference; includeInIndex = 1; lastKnownFileType = text.xcconfig; name = "Pods-InstagramTests.debug.xcconfig"; path = "Pods/Target Support Files/Pods-InstagramTests/Pods-InstagramTests.debug.xcconfig"; sourceTree = "<group>"; };
		849DA6C621C989ED0061C5BD /* HomeViewController.swift */ = {isa = PBXFileReference; lastKnownFileType = sourcecode.swift; path = HomeViewController.swift; sourceTree = "<group>"; };
		849DA6C821C98A5B0061C5BD /* DiscoverViewController.swift */ = {isa = PBXFileReference; lastKnownFileType = sourcecode.swift; path = DiscoverViewController.swift; sourceTree = "<group>"; };
		849DA6CA21C98A830061C5BD /* CameraViewController.swift */ = {isa = PBXFileReference; lastKnownFileType = sourcecode.swift; path = CameraViewController.swift; sourceTree = "<group>"; };
		849DA6CC21C98AC10061C5BD /* ActivityViewController.swift */ = {isa = PBXFileReference; lastKnownFileType = sourcecode.swift; path = ActivityViewController.swift; sourceTree = "<group>"; };
		849DA6CE21C98AED0061C5BD /* ProfileViewController.swift */ = {isa = PBXFileReference; lastKnownFileType = sourcecode.swift; path = ProfileViewController.swift; sourceTree = "<group>"; };
		84D130C521BBFA3200589B10 /* Instagram.app */ = {isa = PBXFileReference; explicitFileType = wrapper.application; includeInIndex = 0; path = Instagram.app; sourceTree = BUILT_PRODUCTS_DIR; };
		84D130C821BBFA3200589B10 /* AppDelegate.swift */ = {isa = PBXFileReference; lastKnownFileType = sourcecode.swift; path = AppDelegate.swift; sourceTree = "<group>"; };
		84D130CF21BBFA3400589B10 /* Assets.xcassets */ = {isa = PBXFileReference; lastKnownFileType = folder.assetcatalog; path = Assets.xcassets; sourceTree = "<group>"; };
		84D130D421BBFA3400589B10 /* Info.plist */ = {isa = PBXFileReference; lastKnownFileType = text.plist.xml; path = Info.plist; sourceTree = "<group>"; };
		84D130D921BBFA3400589B10 /* InstagramTests.xctest */ = {isa = PBXFileReference; explicitFileType = wrapper.cfbundle; includeInIndex = 0; path = InstagramTests.xctest; sourceTree = BUILT_PRODUCTS_DIR; };
		84D130DD21BBFA3400589B10 /* InstagramTests.swift */ = {isa = PBXFileReference; lastKnownFileType = sourcecode.swift; path = InstagramTests.swift; sourceTree = "<group>"; };
		84D130DF21BBFA3400589B10 /* Info.plist */ = {isa = PBXFileReference; lastKnownFileType = text.plist.xml; path = Info.plist; sourceTree = "<group>"; };
		84D130E421BBFA3500589B10 /* InstagramUITests.xctest */ = {isa = PBXFileReference; explicitFileType = wrapper.cfbundle; includeInIndex = 0; path = InstagramUITests.xctest; sourceTree = BUILT_PRODUCTS_DIR; };
		84D130E821BBFA3500589B10 /* InstagramUITests.swift */ = {isa = PBXFileReference; lastKnownFileType = sourcecode.swift; path = InstagramUITests.swift; sourceTree = "<group>"; };
		84D130EA21BBFA3500589B10 /* Info.plist */ = {isa = PBXFileReference; lastKnownFileType = text.plist.xml; path = Info.plist; sourceTree = "<group>"; };
		84D130F621BBFCB400589B10 /* SignInViewController.swift */ = {isa = PBXFileReference; lastKnownFileType = sourcecode.swift; path = SignInViewController.swift; sourceTree = "<group>"; };
		84D130FA21BC0B8200589B10 /* SignUpViewController.swift */ = {isa = PBXFileReference; lastKnownFileType = sourcecode.swift; path = SignUpViewController.swift; sourceTree = "<group>"; };
		A2BE7FE0AFCF8665DFF5CC8F /* Pods_Instagram.framework */ = {isa = PBXFileReference; explicitFileType = wrapper.framework; includeInIndex = 0; path = Pods_Instagram.framework; sourceTree = BUILT_PRODUCTS_DIR; };
		CC14C5B282AE1D0CA52C492B /* Pods_InstagramUITests.framework */ = {isa = PBXFileReference; explicitFileType = wrapper.framework; includeInIndex = 0; path = Pods_InstagramUITests.framework; sourceTree = BUILT_PRODUCTS_DIR; };
		CE5483B8F1D942298C1A8B34 /* Pods-InstagramUITests.debug.xcconfig */ = {isa = PBXFileReference; includeInIndex = 1; lastKnownFileType = text.xcconfig; name = "Pods-InstagramUITests.debug.xcconfig"; path = "Pods/Target Support Files/Pods-InstagramUITests/Pods-InstagramUITests.debug.xcconfig"; sourceTree = "<group>"; };
		DF41F14187FDC69119A42323 /* Pods-Instagram.release.xcconfig */ = {isa = PBXFileReference; includeInIndex = 1; lastKnownFileType = text.xcconfig; name = "Pods-Instagram.release.xcconfig"; path = "Pods/Target Support Files/Pods-Instagram/Pods-Instagram.release.xcconfig"; sourceTree = "<group>"; };
		FC559F365752ABF7A32ADFD1 /* Pods-InstagramTests.release.xcconfig */ = {isa = PBXFileReference; includeInIndex = 1; lastKnownFileType = text.xcconfig; name = "Pods-InstagramTests.release.xcconfig"; path = "Pods/Target Support Files/Pods-InstagramTests/Pods-InstagramTests.release.xcconfig"; sourceTree = "<group>"; };
/* End PBXFileReference section */

/* Begin PBXFrameworksBuildPhase section */
		84D130C221BBFA3200589B10 /* Frameworks */ = {
			isa = PBXFrameworksBuildPhase;
			buildActionMask = 2147483647;
			files = (
				C471B7BE63DE144B9791E50D /* Pods_Instagram.framework in Frameworks */,
			);
			runOnlyForDeploymentPostprocessing = 0;
		};
		84D130D621BBFA3400589B10 /* Frameworks */ = {
			isa = PBXFrameworksBuildPhase;
			buildActionMask = 2147483647;
			files = (
				0094417A4733EF18DFFA3BF2 /* Pods_InstagramTests.framework in Frameworks */,
			);
			runOnlyForDeploymentPostprocessing = 0;
		};
		84D130E121BBFA3500589B10 /* Frameworks */ = {
			isa = PBXFrameworksBuildPhase;
			buildActionMask = 2147483647;
			files = (
				6BE373B830A020DD3B0788E6 /* Pods_InstagramUITests.framework in Frameworks */,
			);
			runOnlyForDeploymentPostprocessing = 0;
		};
/* End PBXFrameworksBuildPhase section */

/* Begin PBXGroup section */
		0EBCAB85BD5B69071E0FDE7D /* Frameworks */ = {
			isa = PBXGroup;
			children = (
				A2BE7FE0AFCF8665DFF5CC8F /* Pods_Instagram.framework */,
				12DBAB184D736C8E7DBDAD6D /* Pods_InstagramTests.framework */,
				CC14C5B282AE1D0CA52C492B /* Pods_InstagramUITests.framework */,
			);
			name = Frameworks;
			sourceTree = "<group>";
		};
		36D0DA4D21CC47D40065CC58 /* Storyboards */ = {
			isa = PBXGroup;
			children = (
				3603B6E421CC3A9C008BCB8C /* Start.storyboard */,
				3603B6E321CC3A9C008BCB8C /* Main.storyboard */,
				36D0DA4321CC3C700065CC58 /* Home.storyboard */,
				36D0DA4521CC3CAC0065CC58 /* Discover.storyboard */,
				36D0DA4721CC3CCD0065CC58 /* Camera.storyboard */,
				36D0DA4921CC3CEB0065CC58 /* Activity.storyboard */,
				36D0DA4B21CC3D080065CC58 /* Profile.storyboard */,
			);
			path = Storyboards;
			sourceTree = "<group>";
		};
		36D0DA4E21CC47EE0065CC58 /* ViewControllers */ = {
			isa = PBXGroup;
			children = (
				84D130FA21BC0B8200589B10 /* SignUpViewController.swift */,
				849DA6C621C989ED0061C5BD /* HomeViewController.swift */,
				849DA6C821C98A5B0061C5BD /* DiscoverViewController.swift */,
				849DA6CA21C98A830061C5BD /* CameraViewController.swift */,
				849DA6CC21C98AC10061C5BD /* ActivityViewController.swift */,
				849DA6CE21C98AED0061C5BD /* ProfileViewController.swift */,
				84D130F621BBFCB400589B10 /* SignInViewController.swift */,
			);
			path = ViewControllers;
			sourceTree = "<group>";
		};
		84D130BC21BBFA3200589B10 = {
			isa = PBXGroup;
			children = (
				84D130C721BBFA3200589B10 /* Instagram */,
				84D130DC21BBFA3400589B10 /* InstagramTests */,
				84D130E721BBFA3500589B10 /* InstagramUITests */,
				84D130C621BBFA3200589B10 /* Products */,
				B5F2C29A6A7760F4D1DEDF64 /* Pods */,
				0EBCAB85BD5B69071E0FDE7D /* Frameworks */,
			);
			sourceTree = "<group>";
		};
		84D130C621BBFA3200589B10 /* Products */ = {
			isa = PBXGroup;
			children = (
				84D130C521BBFA3200589B10 /* Instagram.app */,
				84D130D921BBFA3400589B10 /* InstagramTests.xctest */,
				84D130E421BBFA3500589B10 /* InstagramUITests.xctest */,
			);
			name = Products;
			sourceTree = "<group>";
		};
		84D130C721BBFA3200589B10 /* Instagram */ = {
			isa = PBXGroup;
			children = (
				84D130C821BBFA3200589B10 /* AppDelegate.swift */,
				3607E4F821DBBDA30009A196 /* AuthService.swift */,
				3607E4FA21DBCB110009A196 /* Config.swift */,
				36D0DA4E21CC47EE0065CC58 /* ViewControllers */,
				36D0DA4D21CC47D40065CC58 /* Storyboards */,
				84D130CF21BBFA3400589B10 /* Assets.xcassets */,
				3603B6E521CC3A9C008BCB8C /* LaunchScreen.storyboard */,
				360BE81021CF90D000EB5C4C /* GoogleService-Info.plist */,
				84D130D421BBFA3400589B10 /* Info.plist */,
			);
			path = Instagram;
			sourceTree = "<group>";
		};
		84D130DC21BBFA3400589B10 /* InstagramTests */ = {
			isa = PBXGroup;
			children = (
				84D130DD21BBFA3400589B10 /* InstagramTests.swift */,
				84D130DF21BBFA3400589B10 /* Info.plist */,
			);
			path = InstagramTests;
			sourceTree = "<group>";
		};
		84D130E721BBFA3500589B10 /* InstagramUITests */ = {
			isa = PBXGroup;
			children = (
				84D130E821BBFA3500589B10 /* InstagramUITests.swift */,
				84D130EA21BBFA3500589B10 /* Info.plist */,
			);
			path = InstagramUITests;
			sourceTree = "<group>";
		};
		B5F2C29A6A7760F4D1DEDF64 /* Pods */ = {
			isa = PBXGroup;
			children = (
				2A4DD7A69A3F2E029CD0FE6E /* Pods-Instagram.debug.xcconfig */,
				DF41F14187FDC69119A42323 /* Pods-Instagram.release.xcconfig */,
				6523DF7614DD4AB4FD3A40F5 /* Pods-InstagramTests.debug.xcconfig */,
				FC559F365752ABF7A32ADFD1 /* Pods-InstagramTests.release.xcconfig */,
				CE5483B8F1D942298C1A8B34 /* Pods-InstagramUITests.debug.xcconfig */,
				4C370C5FAC54A246141DBA6D /* Pods-InstagramUITests.release.xcconfig */,
			);
			name = Pods;
			sourceTree = "<group>";
		};
/* End PBXGroup section */

/* Begin PBXNativeTarget section */
		84D130C421BBFA3200589B10 /* Instagram */ = {
			isa = PBXNativeTarget;
			buildConfigurationList = 84D130ED21BBFA3500589B10 /* Build configuration list for PBXNativeTarget "Instagram" */;
			buildPhases = (
				BC208400657309C0FECA2623 /* [CP] Check Pods Manifest.lock */,
				84D130C121BBFA3200589B10 /* Sources */,
				84D130C221BBFA3200589B10 /* Frameworks */,
				84D130C321BBFA3200589B10 /* Resources */,
				006055D9AA1665DE5127F9E9 /* [CP] Embed Pods Frameworks */,
			);
			buildRules = (
			);
			dependencies = (
			);
			name = Instagram;
			productName = Instagram;
			productReference = 84D130C521BBFA3200589B10 /* Instagram.app */;
			productType = "com.apple.product-type.application";
		};
		84D130D821BBFA3400589B10 /* InstagramTests */ = {
			isa = PBXNativeTarget;
			buildConfigurationList = 84D130F021BBFA3500589B10 /* Build configuration list for PBXNativeTarget "InstagramTests" */;
			buildPhases = (
				0BAEC0FF07FA6BB96B54A395 /* [CP] Check Pods Manifest.lock */,
				84D130D521BBFA3400589B10 /* Sources */,
				84D130D621BBFA3400589B10 /* Frameworks */,
				84D130D721BBFA3400589B10 /* Resources */,
			);
			buildRules = (
			);
			dependencies = (
				84D130DB21BBFA3400589B10 /* PBXTargetDependency */,
			);
			name = InstagramTests;
			productName = InstagramTests;
			productReference = 84D130D921BBFA3400589B10 /* InstagramTests.xctest */;
			productType = "com.apple.product-type.bundle.unit-test";
		};
		84D130E321BBFA3500589B10 /* InstagramUITests */ = {
			isa = PBXNativeTarget;
			buildConfigurationList = 84D130F321BBFA3500589B10 /* Build configuration list for PBXNativeTarget "InstagramUITests" */;
			buildPhases = (
				C173B45ADDDA9EAFAE985CEF /* [CP] Check Pods Manifest.lock */,
				84D130E021BBFA3500589B10 /* Sources */,
				84D130E121BBFA3500589B10 /* Frameworks */,
				84D130E221BBFA3500589B10 /* Resources */,
			);
			buildRules = (
			);
			dependencies = (
				84D130E621BBFA3500589B10 /* PBXTargetDependency */,
			);
			name = InstagramUITests;
			productName = InstagramUITests;
			productReference = 84D130E421BBFA3500589B10 /* InstagramUITests.xctest */;
			productType = "com.apple.product-type.bundle.ui-testing";
		};
/* End PBXNativeTarget section */

/* Begin PBXProject section */
		84D130BD21BBFA3200589B10 /* Project object */ = {
			isa = PBXProject;
			attributes = {
				LastSwiftUpdateCheck = 1000;
				LastUpgradeCheck = 1000;
				ORGANIZATIONNAME = admin;
				TargetAttributes = {
					84D130C421BBFA3200589B10 = {
						CreatedOnToolsVersion = 10.0;
					};
					84D130D821BBFA3400589B10 = {
						CreatedOnToolsVersion = 10.0;
						TestTargetID = 84D130C421BBFA3200589B10;
					};
					84D130E321BBFA3500589B10 = {
						CreatedOnToolsVersion = 10.0;
						TestTargetID = 84D130C421BBFA3200589B10;
					};
				};
			};
			buildConfigurationList = 84D130C021BBFA3200589B10 /* Build configuration list for PBXProject "Instagram" */;
			compatibilityVersion = "Xcode 9.3";
			developmentRegion = en;
			hasScannedForEncodings = 0;
			knownRegions = (
				en,
				Base,
			);
			mainGroup = 84D130BC21BBFA3200589B10;
			productRefGroup = 84D130C621BBFA3200589B10 /* Products */;
			projectDirPath = "";
			projectRoot = "";
			targets = (
				84D130C421BBFA3200589B10 /* Instagram */,
				84D130D821BBFA3400589B10 /* InstagramTests */,
				84D130E321BBFA3500589B10 /* InstagramUITests */,
			);
		};
/* End PBXProject section */

/* Begin PBXResourcesBuildPhase section */
		84D130C321BBFA3200589B10 /* Resources */ = {
			isa = PBXResourcesBuildPhase;
			buildActionMask = 2147483647;
			files = (
				84D130D021BBFA3400589B10 /* Assets.xcassets in Resources */,
				36D0DA4821CC3CCD0065CC58 /* Camera.storyboard in Resources */,
				36D0DA4421CC3C700065CC58 /* Home.storyboard in Resources */,
				3603B6E821CC3A9C008BCB8C /* LaunchScreen.storyboard in Resources */,
				3603B6E621CC3A9C008BCB8C /* Main.storyboard in Resources */,
				3603B6E721CC3A9C008BCB8C /* Start.storyboard in Resources */,
				36D0DA4C21CC3D080065CC58 /* Profile.storyboard in Resources */,
				360BE81121CF90D000EB5C4C /* GoogleService-Info.plist in Resources */,
				36D0DA4621CC3CAC0065CC58 /* Discover.storyboard in Resources */,
				36D0DA4A21CC3CEB0065CC58 /* Activity.storyboard in Resources */,
			);
			runOnlyForDeploymentPostprocessing = 0;
		};
		84D130D721BBFA3400589B10 /* Resources */ = {
			isa = PBXResourcesBuildPhase;
			buildActionMask = 2147483647;
			files = (
			);
			runOnlyForDeploymentPostprocessing = 0;
		};
		84D130E221BBFA3500589B10 /* Resources */ = {
			isa = PBXResourcesBuildPhase;
			buildActionMask = 2147483647;
			files = (
			);
			runOnlyForDeploymentPostprocessing = 0;
		};
/* End PBXResourcesBuildPhase section */

/* Begin PBXShellScriptBuildPhase section */
		006055D9AA1665DE5127F9E9 /* [CP] Embed Pods Frameworks */ = {
			isa = PBXShellScriptBuildPhase;
			buildActionMask = 2147483647;
			files = (
			);
			inputFileListPaths = (
			);
			inputPaths = (
				"${SRCROOT}/Pods/Target Support Files/Pods-Instagram/Pods-Instagram-frameworks.sh",
				"${BUILT_PRODUCTS_DIR}/GTMSessionFetcher/GTMSessionFetcher.framework",
				"${BUILT_PRODUCTS_DIR}/GoogleUtilities/GoogleUtilities.framework",
				"${BUILT_PRODUCTS_DIR}/leveldb-library/leveldb.framework",
				"${BUILT_PRODUCTS_DIR}/nanopb/nanopb.framework",
			);
			name = "[CP] Embed Pods Frameworks";
			outputFileListPaths = (
			);
			outputPaths = (
				"${TARGET_BUILD_DIR}/${FRAMEWORKS_FOLDER_PATH}/GTMSessionFetcher.framework",
				"${TARGET_BUILD_DIR}/${FRAMEWORKS_FOLDER_PATH}/GoogleUtilities.framework",
				"${TARGET_BUILD_DIR}/${FRAMEWORKS_FOLDER_PATH}/leveldb.framework",
				"${TARGET_BUILD_DIR}/${FRAMEWORKS_FOLDER_PATH}/nanopb.framework",
			);
			runOnlyForDeploymentPostprocessing = 0;
			shellPath = /bin/sh;
			shellScript = "\"${SRCROOT}/Pods/Target Support Files/Pods-Instagram/Pods-Instagram-frameworks.sh\"\n";
			showEnvVarsInLog = 0;
		};
		0BAEC0FF07FA6BB96B54A395 /* [CP] Check Pods Manifest.lock */ = {
			isa = PBXShellScriptBuildPhase;
			buildActionMask = 2147483647;
			files = (
			);
			inputFileListPaths = (
			);
			inputPaths = (
				"${PODS_PODFILE_DIR_PATH}/Podfile.lock",
				"${PODS_ROOT}/Manifest.lock",
			);
			name = "[CP] Check Pods Manifest.lock";
			outputFileListPaths = (
			);
			outputPaths = (
				"$(DERIVED_FILE_DIR)/Pods-InstagramTests-checkManifestLockResult.txt",
			);
			runOnlyForDeploymentPostprocessing = 0;
			shellPath = /bin/sh;
			shellScript = "diff \"${PODS_PODFILE_DIR_PATH}/Podfile.lock\" \"${PODS_ROOT}/Manifest.lock\" > /dev/null\nif [ $? != 0 ] ; then\n    # print error to STDERR\n    echo \"error: The sandbox is not in sync with the Podfile.lock. Run 'pod install' or update your CocoaPods installation.\" >&2\n    exit 1\nfi\n# This output is used by Xcode 'outputs' to avoid re-running this script phase.\necho \"SUCCESS\" > \"${SCRIPT_OUTPUT_FILE_0}\"\n";
			showEnvVarsInLog = 0;
		};
		BC208400657309C0FECA2623 /* [CP] Check Pods Manifest.lock */ = {
			isa = PBXShellScriptBuildPhase;
			buildActionMask = 2147483647;
			files = (
			);
			inputFileListPaths = (
			);
			inputPaths = (
				"${PODS_PODFILE_DIR_PATH}/Podfile.lock",
				"${PODS_ROOT}/Manifest.lock",
			);
			name = "[CP] Check Pods Manifest.lock";
			outputFileListPaths = (
			);
			outputPaths = (
				"$(DERIVED_FILE_DIR)/Pods-Instagram-checkManifestLockResult.txt",
			);
			runOnlyForDeploymentPostprocessing = 0;
			shellPath = /bin/sh;
			shellScript = "diff \"${PODS_PODFILE_DIR_PATH}/Podfile.lock\" \"${PODS_ROOT}/Manifest.lock\" > /dev/null\nif [ $? != 0 ] ; then\n    # print error to STDERR\n    echo \"error: The sandbox is not in sync with the Podfile.lock. Run 'pod install' or update your CocoaPods installation.\" >&2\n    exit 1\nfi\n# This output is used by Xcode 'outputs' to avoid re-running this script phase.\necho \"SUCCESS\" > \"${SCRIPT_OUTPUT_FILE_0}\"\n";
			showEnvVarsInLog = 0;
		};
		C173B45ADDDA9EAFAE985CEF /* [CP] Check Pods Manifest.lock */ = {
			isa = PBXShellScriptBuildPhase;
			buildActionMask = 2147483647;
			files = (
			);
			inputFileListPaths = (
			);
			inputPaths = (
				"${PODS_PODFILE_DIR_PATH}/Podfile.lock",
				"${PODS_ROOT}/Manifest.lock",
			);
			name = "[CP] Check Pods Manifest.lock";
			outputFileListPaths = (
			);
			outputPaths = (
				"$(DERIVED_FILE_DIR)/Pods-InstagramUITests-checkManifestLockResult.txt",
			);
			runOnlyForDeploymentPostprocessing = 0;
			shellPath = /bin/sh;
			shellScript = "diff \"${PODS_PODFILE_DIR_PATH}/Podfile.lock\" \"${PODS_ROOT}/Manifest.lock\" > /dev/null\nif [ $? != 0 ] ; then\n    # print error to STDERR\n    echo \"error: The sandbox is not in sync with the Podfile.lock. Run 'pod install' or update your CocoaPods installation.\" >&2\n    exit 1\nfi\n# This output is used by Xcode 'outputs' to avoid re-running this script phase.\necho \"SUCCESS\" > \"${SCRIPT_OUTPUT_FILE_0}\"\n";
			showEnvVarsInLog = 0;
		};
/* End PBXShellScriptBuildPhase section */

/* Begin PBXSourcesBuildPhase section */
		84D130C121BBFA3200589B10 /* Sources */ = {
			isa = PBXSourcesBuildPhase;
			buildActionMask = 2147483647;
			files = (
				84D130FB21BC0B8200589B10 /* SignUpViewController.swift in Sources */,
				84D130F721BBFCB400589B10 /* SignInViewController.swift in Sources */,
				84D130C921BBFA3200589B10 /* AppDelegate.swift in Sources */,
				3607E4F921DBBDA30009A196 /* AuthService.swift in Sources */,
				849DA6C721C989ED0061C5BD /* HomeViewController.swift in Sources */,
				849DA6CD21C98AC10061C5BD /* ActivityViewController.swift in Sources */,
				849DA6C921C98A5B0061C5BD /* DiscoverViewController.swift in Sources */,
				3607E4FB21DBCB110009A196 /* Config.swift in Sources */,
				849DA6CF21C98AED0061C5BD /* ProfileViewController.swift in Sources */,
				849DA6CB21C98A830061C5BD /* CameraViewController.swift in Sources */,
			);
			runOnlyForDeploymentPostprocessing = 0;
		};
		84D130D521BBFA3400589B10 /* Sources */ = {
			isa = PBXSourcesBuildPhase;
			buildActionMask = 2147483647;
			files = (
				84D130DE21BBFA3400589B10 /* InstagramTests.swift in Sources */,
			);
			runOnlyForDeploymentPostprocessing = 0;
		};
		84D130E021BBFA3500589B10 /* Sources */ = {
			isa = PBXSourcesBuildPhase;
			buildActionMask = 2147483647;
			files = (
				84D130E921BBFA3500589B10 /* InstagramUITests.swift in Sources */,
			);
			runOnlyForDeploymentPostprocessing = 0;
		};
/* End PBXSourcesBuildPhase section */

/* Begin PBXTargetDependency section */
		84D130DB21BBFA3400589B10 /* PBXTargetDependency */ = {
			isa = PBXTargetDependency;
			target = 84D130C421BBFA3200589B10 /* Instagram */;
			targetProxy = 84D130DA21BBFA3400589B10 /* PBXContainerItemProxy */;
		};
		84D130E621BBFA3500589B10 /* PBXTargetDependency */ = {
			isa = PBXTargetDependency;
			target = 84D130C421BBFA3200589B10 /* Instagram */;
			targetProxy = 84D130E521BBFA3500589B10 /* PBXContainerItemProxy */;
		};
/* End PBXTargetDependency section */

/* Begin XCBuildConfiguration section */
		84D130EB21BBFA3500589B10 /* Debug */ = {
			isa = XCBuildConfiguration;
			buildSettings = {
				ALWAYS_SEARCH_USER_PATHS = NO;
				CLANG_ANALYZER_NONNULL = YES;
				CLANG_ANALYZER_NUMBER_OBJECT_CONVERSION = YES_AGGRESSIVE;
				CLANG_CXX_LANGUAGE_STANDARD = "gnu++14";
				CLANG_CXX_LIBRARY = "libc++";
				CLANG_ENABLE_MODULES = YES;
				CLANG_ENABLE_OBJC_ARC = YES;
				CLANG_ENABLE_OBJC_WEAK = YES;
				CLANG_WARN_BLOCK_CAPTURE_AUTORELEASING = YES;
				CLANG_WARN_BOOL_CONVERSION = YES;
				CLANG_WARN_COMMA = YES;
				CLANG_WARN_CONSTANT_CONVERSION = YES;
				CLANG_WARN_DEPRECATED_OBJC_IMPLEMENTATIONS = YES;
				CLANG_WARN_DIRECT_OBJC_ISA_USAGE = YES_ERROR;
				CLANG_WARN_DOCUMENTATION_COMMENTS = YES;
				CLANG_WARN_EMPTY_BODY = YES;
				CLANG_WARN_ENUM_CONVERSION = YES;
				CLANG_WARN_INFINITE_RECURSION = YES;
				CLANG_WARN_INT_CONVERSION = YES;
				CLANG_WARN_NON_LITERAL_NULL_CONVERSION = YES;
				CLANG_WARN_OBJC_IMPLICIT_RETAIN_SELF = YES;
				CLANG_WARN_OBJC_LITERAL_CONVERSION = YES;
				CLANG_WARN_OBJC_ROOT_CLASS = YES_ERROR;
				CLANG_WARN_RANGE_LOOP_ANALYSIS = YES;
				CLANG_WARN_STRICT_PROTOTYPES = YES;
				CLANG_WARN_SUSPICIOUS_MOVE = YES;
				CLANG_WARN_UNGUARDED_AVAILABILITY = YES_AGGRESSIVE;
				CLANG_WARN_UNREACHABLE_CODE = YES;
				CLANG_WARN__DUPLICATE_METHOD_MATCH = YES;
				CODE_SIGN_IDENTITY = "iPhone Developer";
				COPY_PHASE_STRIP = NO;
				DEBUG_INFORMATION_FORMAT = dwarf;
				ENABLE_STRICT_OBJC_MSGSEND = YES;
				ENABLE_TESTABILITY = YES;
				GCC_C_LANGUAGE_STANDARD = gnu11;
				GCC_DYNAMIC_NO_PIC = NO;
				GCC_NO_COMMON_BLOCKS = YES;
				GCC_OPTIMIZATION_LEVEL = 0;
				GCC_PREPROCESSOR_DEFINITIONS = (
					"DEBUG=1",
					"$(inherited)",
				);
				GCC_WARN_64_TO_32_BIT_CONVERSION = YES;
				GCC_WARN_ABOUT_RETURN_TYPE = YES_ERROR;
				GCC_WARN_UNDECLARED_SELECTOR = YES;
				GCC_WARN_UNINITIALIZED_AUTOS = YES_AGGRESSIVE;
				GCC_WARN_UNUSED_FUNCTION = YES;
				GCC_WARN_UNUSED_VARIABLE = YES;
				IPHONEOS_DEPLOYMENT_TARGET = 12.0;
				MTL_ENABLE_DEBUG_INFO = INCLUDE_SOURCE;
				MTL_FAST_MATH = YES;
				ONLY_ACTIVE_ARCH = YES;
				SDKROOT = iphoneos;
				SWIFT_ACTIVE_COMPILATION_CONDITIONS = DEBUG;
				SWIFT_OPTIMIZATION_LEVEL = "-Onone";
			};
			name = Debug;
		};
		84D130EC21BBFA3500589B10 /* Release */ = {
			isa = XCBuildConfiguration;
			buildSettings = {
				ALWAYS_SEARCH_USER_PATHS = NO;
				CLANG_ANALYZER_NONNULL = YES;
				CLANG_ANALYZER_NUMBER_OBJECT_CONVERSION = YES_AGGRESSIVE;
				CLANG_CXX_LANGUAGE_STANDARD = "gnu++14";
				CLANG_CXX_LIBRARY = "libc++";
				CLANG_ENABLE_MODULES = YES;
				CLANG_ENABLE_OBJC_ARC = YES;
				CLANG_ENABLE_OBJC_WEAK = YES;
				CLANG_WARN_BLOCK_CAPTURE_AUTORELEASING = YES;
				CLANG_WARN_BOOL_CONVERSION = YES;
				CLANG_WARN_COMMA = YES;
				CLANG_WARN_CONSTANT_CONVERSION = YES;
				CLANG_WARN_DEPRECATED_OBJC_IMPLEMENTATIONS = YES;
				CLANG_WARN_DIRECT_OBJC_ISA_USAGE = YES_ERROR;
				CLANG_WARN_DOCUMENTATION_COMMENTS = YES;
				CLANG_WARN_EMPTY_BODY = YES;
				CLANG_WARN_ENUM_CONVERSION = YES;
				CLANG_WARN_INFINITE_RECURSION = YES;
				CLANG_WARN_INT_CONVERSION = YES;
				CLANG_WARN_NON_LITERAL_NULL_CONVERSION = YES;
				CLANG_WARN_OBJC_IMPLICIT_RETAIN_SELF = YES;
				CLANG_WARN_OBJC_LITERAL_CONVERSION = YES;
				CLANG_WARN_OBJC_ROOT_CLASS = YES_ERROR;
				CLANG_WARN_RANGE_LOOP_ANALYSIS = YES;
				CLANG_WARN_STRICT_PROTOTYPES = YES;
				CLANG_WARN_SUSPICIOUS_MOVE = YES;
				CLANG_WARN_UNGUARDED_AVAILABILITY = YES_AGGRESSIVE;
				CLANG_WARN_UNREACHABLE_CODE = YES;
				CLANG_WARN__DUPLICATE_METHOD_MATCH = YES;
				CODE_SIGN_IDENTITY = "iPhone Developer";
				COPY_PHASE_STRIP = NO;
				DEBUG_INFORMATION_FORMAT = "dwarf-with-dsym";
				ENABLE_NS_ASSERTIONS = NO;
				ENABLE_STRICT_OBJC_MSGSEND = YES;
				GCC_C_LANGUAGE_STANDARD = gnu11;
				GCC_NO_COMMON_BLOCKS = YES;
				GCC_WARN_64_TO_32_BIT_CONVERSION = YES;
				GCC_WARN_ABOUT_RETURN_TYPE = YES_ERROR;
				GCC_WARN_UNDECLARED_SELECTOR = YES;
				GCC_WARN_UNINITIALIZED_AUTOS = YES_AGGRESSIVE;
				GCC_WARN_UNUSED_FUNCTION = YES;
				GCC_WARN_UNUSED_VARIABLE = YES;
				IPHONEOS_DEPLOYMENT_TARGET = 12.0;
				MTL_ENABLE_DEBUG_INFO = NO;
				MTL_FAST_MATH = YES;
				SDKROOT = iphoneos;
				SWIFT_COMPILATION_MODE = wholemodule;
				SWIFT_OPTIMIZATION_LEVEL = "-O";
				VALIDATE_PRODUCT = YES;
			};
			name = Release;
		};
		84D130EE21BBFA3500589B10 /* Debug */ = {
			isa = XCBuildConfiguration;
			baseConfigurationReference = 2A4DD7A69A3F2E029CD0FE6E /* Pods-Instagram.debug.xcconfig */;
			buildSettings = {
				ASSETCATALOG_COMPILER_APPICON_NAME = AppIcon;
				CODE_SIGN_STYLE = Automatic;
				INFOPLIST_FILE = Instagram/Info.plist;
				LD_RUNPATH_SEARCH_PATHS = (
					"$(inherited)",
					"@executable_path/Frameworks",
				);
				PRODUCT_BUNDLE_IDENTIFIER = IOSapp.Instagram;
				PRODUCT_NAME = "$(TARGET_NAME)";
				SWIFT_VERSION = 3.0;
				TARGETED_DEVICE_FAMILY = "1,2";
			};
			name = Debug;
		};
		84D130EF21BBFA3500589B10 /* Release */ = {
			isa = XCBuildConfiguration;
			baseConfigurationReference = DF41F14187FDC69119A42323 /* Pods-Instagram.release.xcconfig */;
			buildSettings = {
				ASSETCATALOG_COMPILER_APPICON_NAME = AppIcon;
				CODE_SIGN_STYLE = Automatic;
				INFOPLIST_FILE = Instagram/Info.plist;
				LD_RUNPATH_SEARCH_PATHS = (
					"$(inherited)",
					"@executable_path/Frameworks",
				);
				PRODUCT_BUNDLE_IDENTIFIER = IOSapp.Instagram;
				PRODUCT_NAME = "$(TARGET_NAME)";
				SWIFT_VERSION = 3.0;
				TARGETED_DEVICE_FAMILY = "1,2";
			};
			name = Release;
		};
		84D130F121BBFA3500589B10 /* Debug */ = {
			isa = XCBuildConfiguration;
			baseConfigurationReference = 6523DF7614DD4AB4FD3A40F5 /* Pods-InstagramTests.debug.xcconfig */;
			buildSettings = {
				ALWAYS_EMBED_SWIFT_STANDARD_LIBRARIES = YES;
				BUNDLE_LOADER = "$(TEST_HOST)";
				CODE_SIGN_STYLE = Automatic;
				INFOPLIST_FILE = InstagramTests/Info.plist;
				LD_RUNPATH_SEARCH_PATHS = (
					"$(inherited)",
					"@executable_path/Frameworks",
					"@loader_path/Frameworks",
				);
				PRODUCT_BUNDLE_IDENTIFIER = IOSapp.InstagramTests;
				PRODUCT_NAME = "$(TARGET_NAME)";
				SWIFT_VERSION = 4.2;
				TARGETED_DEVICE_FAMILY = "1,2";
				TEST_HOST = "$(BUILT_PRODUCTS_DIR)/Instagram.app/Instagram";
			};
			name = Debug;
		};
		84D130F221BBFA3500589B10 /* Release */ = {
			isa = XCBuildConfiguration;
			baseConfigurationReference = FC559F365752ABF7A32ADFD1 /* Pods-InstagramTests.release.xcconfig */;
			buildSettings = {
				ALWAYS_EMBED_SWIFT_STANDARD_LIBRARIES = YES;
				BUNDLE_LOADER = "$(TEST_HOST)";
				CODE_SIGN_STYLE = Automatic;
				INFOPLIST_FILE = InstagramTests/Info.plist;
				LD_RUNPATH_SEARCH_PATHS = (
					"$(inherited)",
					"@executable_path/Frameworks",
					"@loader_path/Frameworks",
				);
				PRODUCT_BUNDLE_IDENTIFIER = IOSapp.InstagramTests;
				PRODUCT_NAME = "$(TARGET_NAME)";
				SWIFT_VERSION = 4.2;
				TARGETED_DEVICE_FAMILY = "1,2";
				TEST_HOST = "$(BUILT_PRODUCTS_DIR)/Instagram.app/Instagram";
			};
			name = Release;
		};
		84D130F421BBFA3500589B10 /* Debug */ = {
			isa = XCBuildConfiguration;
			baseConfigurationReference = CE5483B8F1D942298C1A8B34 /* Pods-InstagramUITests.debug.xcconfig */;
			buildSettings = {
				ALWAYS_EMBED_SWIFT_STANDARD_LIBRARIES = YES;
				CODE_SIGN_STYLE = Automatic;
				INFOPLIST_FILE = InstagramUITests/Info.plist;
				LD_RUNPATH_SEARCH_PATHS = (
					"$(inherited)",
					"@executable_path/Frameworks",
					"@loader_path/Frameworks",
				);
				PRODUCT_BUNDLE_IDENTIFIER = IOSapp.InstagramUITests;
				PRODUCT_NAME = "$(TARGET_NAME)";
				SWIFT_VERSION = 4.2;
				TARGETED_DEVICE_FAMILY = "1,2";
				TEST_TARGET_NAME = Instagram;
			};
			name = Debug;
		};
		84D130F521BBFA3500589B10 /* Release */ = {
			isa = XCBuildConfiguration;
			baseConfigurationReference = 4C370C5FAC54A246141DBA6D /* Pods-InstagramUITests.release.xcconfig */;
			buildSettings = {
				ALWAYS_EMBED_SWIFT_STANDARD_LIBRARIES = YES;
				CODE_SIGN_STYLE = Automatic;
				INFOPLIST_FILE = InstagramUITests/Info.plist;
				LD_RUNPATH_SEARCH_PATHS = (
					"$(inherited)",
					"@executable_path/Frameworks",
					"@loader_path/Frameworks",
				);
				PRODUCT_BUNDLE_IDENTIFIER = IOSapp.InstagramUITests;
				PRODUCT_NAME = "$(TARGET_NAME)";
				SWIFT_VERSION = 4.2;
				TARGETED_DEVICE_FAMILY = "1,2";
				TEST_TARGET_NAME = Instagram;
			};
			name = Release;
		};
/* End XCBuildConfiguration section */

/* Begin XCConfigurationList section */
		84D130C021BBFA3200589B10 /* Build configuration list for PBXProject "Instagram" */ = {
			isa = XCConfigurationList;
			buildConfigurations = (
				84D130EB21BBFA3500589B10 /* Debug */,
				84D130EC21BBFA3500589B10 /* Release */,
			);
			defaultConfigurationIsVisible = 0;
			defaultConfigurationName = Release;
		};
		84D130ED21BBFA3500589B10 /* Build configuration list for PBXNativeTarget "Instagram" */ = {
			isa = XCConfigurationList;
			buildConfigurations = (
				84D130EE21BBFA3500589B10 /* Debug */,
				84D130EF21BBFA3500589B10 /* Release */,
			);
			defaultConfigurationIsVisible = 0;
			defaultConfigurationName = Release;
		};
		84D130F021BBFA3500589B10 /* Build configuration list for PBXNativeTarget "InstagramTests" */ = {
			isa = XCConfigurationList;
			buildConfigurations = (
				84D130F121BBFA3500589B10 /* Debug */,
				84D130F221BBFA3500589B10 /* Release */,
			);
			defaultConfigurationIsVisible = 0;
			defaultConfigurationName = Release;
		};
		84D130F321BBFA3500589B10 /* Build configuration list for PBXNativeTarget "InstagramUITests" */ = {
			isa = XCConfigurationList;
			buildConfigurations = (
				84D130F421BBFA3500589B10 /* Debug */,
				84D130F521BBFA3500589B10 /* Release */,
			);
			defaultConfigurationIsVisible = 0;
			defaultConfigurationName = Release;
		};
/* End XCConfigurationList section */
	};
	rootObject = 84D130BD21BBFA3200589B10 /* Project object */;
}
